
Microsoft Visual Studio Solution File, Format Version 12.00
# Visual Studio Version 17
VisualStudioVersion = 17.4.33403.182
MinimumVisualStudioVersion = 10.0.40219.1
Project("{9A19103F-16F7-4668-BE54-9A1E7A4F7556}") = "ElasticEmailTask", "ElasticEmailTask\ElasticEmailTask.csproj", "{8E8CA8B3-1E48-445D-8ABC-09BD93D4FE3E}"
EndProject
Project("{FAE04EC0-301F-11D3-BF4B-00C04F79EFBC}") = "ElasticEmailTask.Tests", "ElasticEmailTask.Tests\ElasticEmailTask.Tests.csproj", "{0F90F3A7-ED68-4FF1-997D-7570A738DCE7}"
EndProject
Global
	GlobalSection(SolutionConfigurationPlatforms) = preSolution
		Debug|Any CPU = Debug|Any CPU
		Release|Any CPU = Release|Any CPU
	EndGlobalSection
	GlobalSection(ProjectConfigurationPlatforms) = postSolution
		{8E8CA8B3-1E48-445D-8ABC-09BD93D4FE3E}.Debug|Any CPU.ActiveCfg = Debug|Any CPU
		{8E8CA8B3-1E48-445D-8ABC-09BD93D4FE3E}.Debug|Any CPU.Build.0 = Debug|Any CPU
		{8E8CA8B3-1E48-445D-8ABC-09BD93D4FE3E}.Release|Any CPU.ActiveCfg = Release|Any CPU
		{8E8CA8B3-1E48-445D-8ABC-09BD93D4FE3E}.Release|Any CPU.Build.0 = Release|Any CPU
		{0F90F3A7-ED68-4FF1-997D-7570A738DCE7}.Debug|Any CPU.ActiveCfg = Debug|Any CPU
		{0F90F3A7-ED68-4FF1-997D-7570A738DCE7}.Debug|Any CPU.Build.0 = Debug|Any CPU
		{0F90F3A7-ED68-4FF1-997D-7570A738DCE7}.Release|Any CPU.ActiveCfg = Release|Any CPU
		{0F90F3A7-ED68-4FF1-997D-7570A738DCE7}.Release|Any CPU.Build.0 = Release|Any CPU
	EndGlobalSection
	GlobalSection(SolutionProperties) = preSolution
		HideSolutionNode = FALSE
	EndGlobalSection
	GlobalSection(ExtensibilityGlobals) = postSolution
		SolutionGuid = {C4119790-716E-4385-A568-0490EDE3AA1A}
	EndGlobalSection
EndGlobal
